
Microsoft Visual Studio Solution File, Format Version 12.00
# Visual Studio Version 17
VisualStudioVersion = 17.11.35222.181
MinimumVisualStudioVersion = 10.0.40219.1
Project("{FAE04EC0-301F-11D3-BF4B-00C04F79EFBC}") = "StudyCaseAspNetCore", "StudyCaseAspNetCore\StudyCaseAspNetCore.csproj", "{E82D495C-B8EF-41FD-8D51-33BE43BD9088}"
EndProject
Global
	GlobalSection(SolutionConfigurationPlatforms) = preSolution
		Debug|Any CPU = Debug|Any CPU
		Release|Any CPU = Release|Any CPU
	EndGlobalSection
	GlobalSection(ProjectConfigurationPlatforms) = postSolution
		{E82D495C-B8EF-41FD-8D51-33BE43BD9088}.Debug|Any CPU.ActiveCfg = Debug|Any CPU
		{E82D495C-B8EF-41FD-8D51-33BE43BD9088}.Debug|Any CPU.Build.0 = Debug|Any CPU
		{E82D495C-B8EF-41FD-8D51-33BE43BD9088}.Release|Any CPU.ActiveCfg = Release|Any CPU
		{E82D495C-B8EF-41FD-8D51-33BE43BD9088}.Release|Any CPU.Build.0 = Release|Any CPU
	EndGlobalSection
	GlobalSection(SolutionProperties) = preSolution
		HideSolutionNode = FALSE
	EndGlobalSection
	GlobalSection(ExtensibilityGlobals) = postSolution
		SolutionGuid = {FF29703B-CC21-4F60-94A2-DC345B591600}
	EndGlobalSection
EndGlobal
